// !$*UTF8*$!
{
	archiveVersion = 1;
	classes = {
	};
	objectVersion = 46;
	objects = {

/* Begin PBXBuildFile section */
		260E9E6719FE45A900C39433 /* 57.png in Resources */ = {isa = PBXBuildFile; fileRef = 260E9E6319FE45A900C39433 /* 57.png */; };
		260E9E6819FE45A900C39433 /* 72.png in Resources */ = {isa = PBXBuildFile; fileRef = 260E9E6419FE45A900C39433 /* 72.png */; };
		260E9E6919FE45A900C39433 /* 114.png in Resources */ = {isa = PBXBuildFile; fileRef = 260E9E6519FE45A900C39433 /* 114.png */; };
		260E9E6A19FE45A900C39433 /* 144.png in Resources */ = {isa = PBXBuildFile; fileRef = 260E9E6619FE45A900C39433 /* 144.png */; };
		260E9E6D19FE474800C39433 /* 29.png in Resources */ = {isa = PBXBuildFile; fileRef = 260E9E6C19FE474800C39433 /* 29.png */; };
		260E9E6F19FE475000C39433 /* 58.png in Resources */ = {isa = PBXBuildFile; fileRef = 260E9E6E19FE475000C39433 /* 58.png */; };
		260E9E7119FE475500C39433 /* 87.png in Resources */ = {isa = PBXBuildFile; fileRef = 260E9E7019FE475500C39433 /* 87.png */; };
		260E9E7319FE47AD00C39433 /* 120.png in Resources */ = {isa = PBXBuildFile; fileRef = 260E9E7219FE47AD00C39433 /* 120.png */; };
		260E9E7519FE47B600C39433 /* 80.png in Resources */ = {isa = PBXBuildFile; fileRef = 260E9E7419FE47B600C39433 /* 80.png */; };
		260E9E7719FE47F600C39433 /* 180.png in Resources */ = {isa = PBXBuildFile; fileRef = 260E9E7619FE47F600C39433 /* 180.png */; };
		260E9E7919FE487700C39433 /* 50.png in Resources */ = {isa = PBXBuildFile; fileRef = 260E9E7819FE487700C39433 /* 50.png */; };
		260E9E7B19FE487C00C39433 /* 100.png in Resources */ = {isa = PBXBuildFile; fileRef = 260E9E7A19FE487C00C39433 /* 100.png */; };
		262694B01A0A270C00AB318B /* back.png in Resources */ = {isa = PBXBuildFile; fileRef = 262694AE1A0A270C00AB318B /* back.png */; };
		262694B11A0A270C00AB318B /* back@2x.png in Resources */ = {isa = PBXBuildFile; fileRef = 262694AF1A0A270C00AB318B /* back@2x.png */; };
		2637183D19EE2FEB00E17E0C /* ContractInfoModel.m in Sources */ = {isa = PBXBuildFile; fileRef = 2637183C19EE2FEB00E17E0C /* ContractInfoModel.m */; };
		2637184019EE33C100E17E0C /* EcModel.m in Sources */ = {isa = PBXBuildFile; fileRef = 2637183F19EE33C100E17E0C /* EcModel.m */; };
		2637184319EE46FA00E17E0C /* More_RelModel.m in Sources */ = {isa = PBXBuildFile; fileRef = 2637184219EE46FA00E17E0C /* More_RelModel.m */; };
		2637184619EE485500E17E0C /* GoodInfoModel.m in Sources */ = {isa = PBXBuildFile; fileRef = 2637184519EE485500E17E0C /* GoodInfoModel.m */; };
		264C798919F2570F003BEE87 /* linev.png in Resources */ = {isa = PBXBuildFile; fileRef = 264C798719F2570F003BEE87 /* linev.png */; };
		264C798A19F2570F003BEE87 /* linev@2x.png in Resources */ = {isa = PBXBuildFile; fileRef = 264C798819F2570F003BEE87 /* linev@2x.png */; };
		264C799019F2584D003BEE87 /* givebtn.png in Resources */ = {isa = PBXBuildFile; fileRef = 264C798E19F2584D003BEE87 /* givebtn.png */; };
		264C799119F2584D003BEE87 /* givebtn@2x.png in Resources */ = {isa = PBXBuildFile; fileRef = 264C798F19F2584D003BEE87 /* givebtn@2x.png */; };
		264C799419F259D1003BEE87 /* lineh.png in Resources */ = {isa = PBXBuildFile; fileRef = 264C799219F259D1003BEE87 /* lineh.png */; };
		264C799519F259D1003BEE87 /* lineh@2x.png in Resources */ = {isa = PBXBuildFile; fileRef = 264C799319F259D1003BEE87 /* lineh@2x.png */; };
		264C799819F259E7003BEE87 /* add.png in Resources */ = {isa = PBXBuildFile; fileRef = 264C799619F259E7003BEE87 /* add.png */; };
		264C799919F259E7003BEE87 /* add@2x.png in Resources */ = {isa = PBXBuildFile; fileRef = 264C799719F259E7003BEE87 /* add@2x.png */; };
		264C799C19F25CB6003BEE87 /* white.png in Resources */ = {isa = PBXBuildFile; fileRef = 264C799A19F25CB6003BEE87 /* white.png */; };
		264C799D19F25CB6003BEE87 /* white@2x.png in Resources */ = {isa = PBXBuildFile; fileRef = 264C799B19F25CB6003BEE87 /* white@2x.png */; };
		264C79A019F4BA4C003BEE87 /* down.png in Resources */ = {isa = PBXBuildFile; fileRef = 264C799E19F4BA4C003BEE87 /* down.png */; };
		264C79A119F4BA4C003BEE87 /* down@2x.png in Resources */ = {isa = PBXBuildFile; fileRef = 264C799F19F4BA4C003BEE87 /* down@2x.png */; };
		265C0E9A19EA9D5200131C71 /* main.m in Sources */ = {isa = PBXBuildFile; fileRef = 265C0E9919EA9D5200131C71 /* main.m */; };
		265C0E9D19EA9D5200131C71 /* AppDelegate.m in Sources */ = {isa = PBXBuildFile; fileRef = 265C0E9C19EA9D5200131C71 /* AppDelegate.m */; };
		265C0EA019EA9D5200131C71 /* QufenqiBD.xcdatamodeld in Sources */ = {isa = PBXBuildFile; fileRef = 265C0E9E19EA9D5200131C71 /* QufenqiBD.xcdatamodeld */; };
		265C0EA319EA9D5200131C71 /* ViewController.m in Sources */ = {isa = PBXBuildFile; fileRef = 265C0EA219EA9D5200131C71 /* ViewController.m */; };
		265C0EA619EA9D5200131C71 /* Main.storyboard in Resources */ = {isa = PBXBuildFile; fileRef = 265C0EA419EA9D5200131C71 /* Main.storyboard */; };
		265C0EA819EA9D5200131C71 /* Images.xcassets in Resources */ = {isa = PBXBuildFile; fileRef = 265C0EA719EA9D5200131C71 /* Images.xcassets */; };
		265C0EAB19EA9D5200131C71 /* LaunchScreen.xib in Resources */ = {isa = PBXBuildFile; fileRef = 265C0EA919EA9D5200131C71 /* LaunchScreen.xib */; };
		265C0EB719EA9D5200131C71 /* QufenqiBDTests.m in Sources */ = {isa = PBXBuildFile; fileRef = 265C0EB619EA9D5200131C71 /* QufenqiBDTests.m */; };
		265C0EC319EAA05D00131C71 /* IQKeyboardManager.bundle in Resources */ = {isa = PBXBuildFile; fileRef = 265C0EC119EAA05D00131C71 /* IQKeyboardManager.bundle */; };
		265C0EC419EAA05D00131C71 /* KeyboardManager.framework in Frameworks */ = {isa = PBXBuildFile; fileRef = 265C0EC219EAA05D00131C71 /* KeyboardManager.framework */; };
		265C0EC819EAA0EB00131C71 /* DataService.m in Sources */ = {isa = PBXBuildFile; fileRef = 265C0EC719EAA0EB00131C71 /* DataService.m */; };
		26691C3219F75C3400EA1F44 /* photoViewController.m in Sources */ = {isa = PBXBuildFile; fileRef = 26691C3119F75C3400EA1F44 /* photoViewController.m */; };
		266AA6FC19EFAA5400FFAFFA /* GoodView.m in Sources */ = {isa = PBXBuildFile; fileRef = 266AA6FB19EFAA5400FFAFFA /* GoodView.m */; };
		266AA70219EFB29300FFAFFA /* GoodCell.m in Sources */ = {isa = PBXBuildFile; fileRef = 266AA70119EFB29300FFAFFA /* GoodCell.m */; };
		266AA70419EFB2C400FFAFFA /* GoodCell.xib in Resources */ = {isa = PBXBuildFile; fileRef = 266AA70319EFB2C400FFAFFA /* GoodCell.xib */; };
		267E4AD319EB8A8300F83313 /* UserModel.m in Sources */ = {isa = PBXBuildFile; fileRef = 267E4AD219EB8A8300F83313 /* UserModel.m */; };
		267E4AD619EB95F600F83313 /* User.m in Sources */ = {isa = PBXBuildFile; fileRef = 267E4AD519EB95F600F83313 /* User.m */; };
		267E4ADA19EB974300F83313 /* NSString+Token.m in Sources */ = {isa = PBXBuildFile; fileRef = 267E4AD919EB974300F83313 /* NSString+Token.m */; };
		267E4ADE19EB9CE400F83313 /* ListViewController.m in Sources */ = {isa = PBXBuildFile; fileRef = 267E4ADD19EB9CE400F83313 /* ListViewController.m */; };
		267E4AEA19EBA40B00F83313 /* avatar.png in Resources */ = {isa = PBXBuildFile; fileRef = 267E4ADF19EBA40B00F83313 /* avatar.png */; };
		267E4AEB19EBA40B00F83313 /* avatar@2x.png in Resources */ = {isa = PBXBuildFile; fileRef = 267E4AE019EBA40B00F83313 /* avatar@2x.png */; };
		267E4AEC19EBA40B00F83313 /* btn_hover@2x.png in Resources */ = {isa = PBXBuildFile; fileRef = 267E4AE119EBA40B00F83313 /* btn_hover@2x.png */; };
		267E4AED19EBA40B00F83313 /* btn.png in Resources */ = {isa = PBXBuildFile; fileRef = 267E4AE219EBA40B00F83313 /* btn.png */; };
		267E4AEE19EBA40B00F83313 /* btn@2x.png in Resources */ = {isa = PBXBuildFile; fileRef = 267E4AE319EBA40B00F83313 /* btn@2x.png */; };
		267E4AEF19EBA40B00F83313 /* key.png in Resources */ = {isa = PBXBuildFile; fileRef = 267E4AE419EBA40B00F83313 /* key.png */; };
		267E4AF019EBA40B00F83313 /* key@2x.png in Resources */ = {isa = PBXBuildFile; fileRef = 267E4AE519EBA40B00F83313 /* key@2x.png */; };
		267E4AF119EBA40B00F83313 /* line.png in Resources */ = {isa = PBXBuildFile; fileRef = 267E4AE619EBA40B00F83313 /* line.png */; };
		267E4AF219EBA40B00F83313 /* line@2x.png in Resources */ = {isa = PBXBuildFile; fileRef = 267E4AE719EBA40B00F83313 /* line@2x.png */; };
		267E4AF319EBA40B00F83313 /* login_hover.png in Resources */ = {isa = PBXBuildFile; fileRef = 267E4AE819EBA40B00F83313 /* login_hover.png */; };
		267E4AF419EBA40B00F83313 /* logo@2x.png in Resources */ = {isa = PBXBuildFile; fileRef = 267E4AE919EBA40B00F83313 /* logo@2x.png */; };
		267E4AF619EBA4CB00F83313 /* logo.png in Resources */ = {isa = PBXBuildFile; fileRef = 267E4AF519EBA4CB00F83313 /* logo.png */; };
		267E4AFA19EBAD2000F83313 /* top.png in Resources */ = {isa = PBXBuildFile; fileRef = 267E4AF919EBAD2000F83313 /* top.png */; };
		267E4B0019EBC16700F83313 /* OrderListModel.m in Sources */ = {isa = PBXBuildFile; fileRef = 267E4AFF19EBC16700F83313 /* OrderListModel.m */; };
		267E4B0319EBD12B00F83313 /* SchoolModel.m in Sources */ = {isa = PBXBuildFile; fileRef = 267E4B0219EBD12B00F83313 /* SchoolModel.m */; };
		267E4B0619EBD1CE00F83313 /* ListModel.m in Sources */ = {isa = PBXBuildFile; fileRef = 267E4B0519EBD1CE00F83313 /* ListModel.m */; };
		267E4B0919EBD4DB00F83313 /* OrderCountModel.m in Sources */ = {isa = PBXBuildFile; fileRef = 267E4B0819EBD4DB00F83313 /* OrderCountModel.m */; };
		267E4B0C19EBDA8900F83313 /* HeadView.m in Sources */ = {isa = PBXBuildFile; fileRef = 267E4B0B19EBDA8900F83313 /* HeadView.m */; };
		267E4B0F19EBF83600F83313 /* UIDevice+Extension.m in Sources */ = {isa = PBXBuildFile; fileRef = 267E4B0E19EBF83600F83313 /* UIDevice+Extension.m */; };
		267E4B1819ECBE6500F83313 /* ListCell.m in Sources */ = {isa = PBXBuildFile; fileRef = 267E4B1719ECBE6500F83313 /* ListCell.m */; };
		267E4B1A19ECBEE700F83313 /* ListCell.xib in Resources */ = {isa = PBXBuildFile; fileRef = 267E4B1919ECBEE700F83313 /* ListCell.xib */; };
		267E4B1E19ECD72600F83313 /* DetailViewController.m in Sources */ = {isa = PBXBuildFile; fileRef = 267E4B1C19ECD72600F83313 /* DetailViewController.m */; };
		267E4B1F19ECD72600F83313 /* DetailViewController.xib in Resources */ = {isa = PBXBuildFile; fileRef = 267E4B1D19ECD72600F83313 /* DetailViewController.xib */; };
		267E4B2219ECFD3900F83313 /* PickImageView.m in Sources */ = {isa = PBXBuildFile; fileRef = 267E4B2119ECFD3900F83313 /* PickImageView.m */; };
		26A6AB3A19FF61D200A79D12 /* UILabel+StringFrame.m in Sources */ = {isa = PBXBuildFile; fileRef = 26A6AB3919FF61D200A79D12 /* UILabel+StringFrame.m */; };
		26ABB59D19F0BAA5007E1800 /* FenQiFootView.m in Sources */ = {isa = PBXBuildFile; fileRef = 26ABB59C19F0BAA5007E1800 /* FenQiFootView.m */; };
		26ABB5A019F0F777007E1800 /* UIView+Tool.m in Sources */ = {isa = PBXBuildFile; fileRef = 26ABB59F19F0F777007E1800 /* UIView+Tool.m */; };
		26B21CBE1A10D5BC00F9228D /* SimulationContractViewController.m in Sources */ = {isa = PBXBuildFile; fileRef = 26B21CBC1A10D5BC00F9228D /* SimulationContractViewController.m */; };
		26B21CBF1A10D5BC00F9228D /* SimulationContractViewController.xib in Resources */ = {isa = PBXBuildFile; fileRef = 26B21CBD1A10D5BC00F9228D /* SimulationContractViewController.xib */; };
		26DAD9741A09F9FB00A4D69A /* MessageUI.framework in Frameworks */ = {isa = PBXBuildFile; fileRef = 26DAD9731A09F9FB00A4D69A /* MessageUI.framework */; };
		26E484071A08BBC8008991FD /* mobile.png in Resources */ = {isa = PBXBuildFile; fileRef = 26E484031A08BBC8008991FD /* mobile.png */; };
		26E484081A08BBC8008991FD /* message@2x.png in Resources */ = {isa = PBXBuildFile; fileRef = 26E484041A08BBC8008991FD /* message@2x.png */; };
		26E484091A08BBC8008991FD /* message.png in Resources */ = {isa = PBXBuildFile; fileRef = 26E484051A08BBC8008991FD /* message.png */; };
		26E4840A1A08BBC8008991FD /* mobile@2x.png in Resources */ = {isa = PBXBuildFile; fileRef = 26E484061A08BBC8008991FD /* mobile@2x.png */; };
		26E4840D1A08BDB0008991FD /* DBManager.m in Sources */ = {isa = PBXBuildFile; fileRef = 26E4840C1A08BDB0008991FD /* DBManager.m */; };
		26F5E68219F8FCE900869CAA /* DBModel.m in Sources */ = {isa = PBXBuildFile; fileRef = 26F5E68119F8FCE900869CAA /* DBModel.m */; };
		26F5E68519FA42D700869CAA /* JSONKit.m in Sources */ = {isa = PBXBuildFile; fileRef = 26F5E68419FA42D700869CAA /* JSONKit.m */; settings = {COMPILER_FLAGS = "-fno-objc-arc"; }; };
		26FA44261A00B39D00A3FA1E /* UITextField+ChangeBorder.m in Sources */ = {isa = PBXBuildFile; fileRef = 26FA44251A00B39D00A3FA1E /* UITextField+ChangeBorder.m */; };
		26FA44291A00B7C800A3FA1E /* UIImage+FixOrientation.m in Sources */ = {isa = PBXBuildFile; fileRef = 26FA44281A00B7C800A3FA1E /* UIImage+FixOrientation.m */; };
		26FA442C1A00E6B700A3FA1E /* NSMutableArray+IsEqualToArray.m in Sources */ = {isa = PBXBuildFile; fileRef = 26FA442B1A00E6B700A3FA1E /* NSMutableArray+IsEqualToArray.m */; };
		26FA442F1A00EE0400A3FA1E /* DbToNetManager.m in Sources */ = {isa = PBXBuildFile; fileRef = 26FA442E1A00EE0400A3FA1E /* DbToNetManager.m */; };
		2750B542241749ECBB2F504E /* libPods.a in Frameworks */ = {isa = PBXBuildFile; fileRef = 3FB70E1384C2495EA5E1B0F2 /* libPods.a */; };
/* End PBXBuildFile section */

/* Begin PBXContainerItemProxy section */
		265C0EB119EA9D5200131C71 /* PBXContainerItemProxy */ = {
			isa = PBXContainerItemProxy;
			containerPortal = 265C0E8C19EA9D5200131C71 /* Project object */;
			proxyType = 1;
			remoteGlobalIDString = 265C0E9319EA9D5200131C71;
			remoteInfo = QufenqiBD;
		};
/* End PBXContainerItemProxy section */

/* Begin PBXFileReference section */
		260E9E6319FE45A900C39433 /* 57.png */ = {isa = PBXFileReference; lastKnownFileType = image.png; path = 57.png; sourceTree = "<group>"; };
		260E9E6419FE45A900C39433 /* 72.png */ = {isa = PBXFileReference; lastKnownFileType = image.png; path = 72.png; sourceTree = "<group>"; };
		260E9E6519FE45A900C39433 /* 114.png */ = {isa = PBXFileReference; lastKnownFileType = image.png; path = 114.png; sourceTree = "<group>"; };
		260E9E6619FE45A900C39433 /* 144.png */ = {isa = PBXFileReference; lastKnownFileType = image.png; path = 144.png; sourceTree = "<group>"; };
		260E9E6C19FE474800C39433 /* 29.png */ = {isa = PBXFileReference; lastKnownFileType = image.png; path = 29.png; sourceTree = "<group>"; };
		260E9E6E19FE475000C39433 /* 58.png */ = {isa = PBXFileReference; lastKnownFileType = image.png; path = 58.png; sourceTree = "<group>"; };
		260E9E7019FE475500C39433 /* 87.png */ = {isa = PBXFileReference; lastKnownFileType = image.png; path = 87.png; sourceTree = "<group>"; };
		260E9E7219FE47AD00C39433 /* 120.png */ = {isa = PBXFileReference; lastKnownFileType = image.png; path = 120.png; sourceTree = "<group>"; };
		260E9E7419FE47B600C39433 /* 80.png */ = {isa = PBXFileReference; lastKnownFileType = image.png; path = 80.png; sourceTree = "<group>"; };
		260E9E7619FE47F600C39433 /* 180.png */ = {isa = PBXFileReference; lastKnownFileType = image.png; path = 180.png; sourceTree = "<group>"; };
		260E9E7819FE487700C39433 /* 50.png */ = {isa = PBXFileReference; lastKnownFileType = image.png; path = 50.png; sourceTree = "<group>"; };
		260E9E7A19FE487C00C39433 /* 100.png */ = {isa = PBXFileReference; lastKnownFileType = image.png; path = 100.png; sourceTree = "<group>"; };
		262694AE1A0A270C00AB318B /* back.png */ = {isa = PBXFileReference; lastKnownFileType = image.png; path = back.png; sourceTree = "<group>"; };
		262694AF1A0A270C00AB318B /* back@2x.png */ = {isa = PBXFileReference; lastKnownFileType = image.png; path = "back@2x.png"; sourceTree = "<group>"; };
		2637183B19EE2FEB00E17E0C /* ContractInfoModel.h */ = {isa = PBXFileReference; fileEncoding = 4; lastKnownFileType = sourcecode.c.h; path = ContractInfoModel.h; sourceTree = "<group>"; };
		2637183C19EE2FEB00E17E0C /* ContractInfoModel.m */ = {isa = PBXFileReference; fileEncoding = 4; lastKnownFileType = sourcecode.c.objc; path = ContractInfoModel.m; sourceTree = "<group>"; };
		2637183E19EE33C100E17E0C /* EcModel.h */ = {isa = PBXFileReference; fileEncoding = 4; lastKnownFileType = sourcecode.c.h; path = EcModel.h; sourceTree = "<group>"; };
		2637183F19EE33C100E17E0C /* EcModel.m */ = {isa = PBXFileReference; fileEncoding = 4; lastKnownFileType = sourcecode.c.objc; path = EcModel.m; sourceTree = "<group>"; };
		2637184119EE46FA00E17E0C /* More_RelModel.h */ = {isa = PBXFileReference; fileEncoding = 4; lastKnownFileType = sourcecode.c.h; path = More_RelModel.h; sourceTree = "<group>"; };
		2637184219EE46FA00E17E0C /* More_RelModel.m */ = {isa = PBXFileReference; fileEncoding = 4; lastKnownFileType = sourcecode.c.objc; path = More_RelModel.m; sourceTree = "<group>"; };
		2637184419EE485500E17E0C /* GoodInfoModel.h */ = {isa = PBXFileReference; fileEncoding = 4; lastKnownFileType = sourcecode.c.h; path = GoodInfoModel.h; sourceTree = "<group>"; };
		2637184519EE485500E17E0C /* GoodInfoModel.m */ = {isa = PBXFileReference; fileEncoding = 4; lastKnownFileType = sourcecode.c.objc; path = GoodInfoModel.m; sourceTree = "<group>"; };
		264C798719F2570F003BEE87 /* linev.png */ = {isa = PBXFileReference; lastKnownFileType = image.png; path = linev.png; sourceTree = "<group>"; };
		264C798819F2570F003BEE87 /* linev@2x.png */ = {isa = PBXFileReference; lastKnownFileType = image.png; path = "linev@2x.png"; sourceTree = "<group>"; };
		264C798E19F2584D003BEE87 /* givebtn.png */ = {isa = PBXFileReference; lastKnownFileType = image.png; path = givebtn.png; sourceTree = "<group>"; };
		264C798F19F2584D003BEE87 /* givebtn@2x.png */ = {isa = PBXFileReference; lastKnownFileType = image.png; path = "givebtn@2x.png"; sourceTree = "<group>"; };
		264C799219F259D1003BEE87 /* lineh.png */ = {isa = PBXFileReference; lastKnownFileType = image.png; path = lineh.png; sourceTree = "<group>"; };
		264C799319F259D1003BEE87 /* lineh@2x.png */ = {isa = PBXFileReference; lastKnownFileType = image.png; path = "lineh@2x.png"; sourceTree = "<group>"; };
		264C799619F259E7003BEE87 /* add.png */ = {isa = PBXFileReference; lastKnownFileType = image.png; path = add.png; sourceTree = "<group>"; };
		264C799719F259E7003BEE87 /* add@2x.png */ = {isa = PBXFileReference; lastKnownFileType = image.png; path = "add@2x.png"; sourceTree = "<group>"; };
		264C799A19F25CB6003BEE87 /* white.png */ = {isa = PBXFileReference; lastKnownFileType = image.png; path = white.png; sourceTree = "<group>"; };
		264C799B19F25CB6003BEE87 /* white@2x.png */ = {isa = PBXFileReference; lastKnownFileType = image.png; path = "white@2x.png"; sourceTree = "<group>"; };
		264C799E19F4BA4C003BEE87 /* down.png */ = {isa = PBXFileReference; lastKnownFileType = image.png; path = down.png; sourceTree = "<group>"; };
		264C799F19F4BA4C003BEE87 /* down@2x.png */ = {isa = PBXFileReference; lastKnownFileType = image.png; path = "down@2x.png"; sourceTree = "<group>"; };
		265C0E9419EA9D5200131C71 /* QufenqiBD.app */ = {isa = PBXFileReference; explicitFileType = wrapper.application; includeInIndex = 0; path = QufenqiBD.app; sourceTree = BUILT_PRODUCTS_DIR; };
		265C0E9819EA9D5200131C71 /* Info.plist */ = {isa = PBXFileReference; lastKnownFileType = text.plist.xml; path = Info.plist; sourceTree = "<group>"; };
		265C0E9919EA9D5200131C71 /* main.m */ = {isa = PBXFileReference; lastKnownFileType = sourcecode.c.objc; path = main.m; sourceTree = "<group>"; };
		265C0E9B19EA9D5200131C71 /* AppDelegate.h */ = {isa = PBXFileReference; lastKnownFileType = sourcecode.c.h; path = AppDelegate.h; sourceTree = "<group>"; };
		265C0E9C19EA9D5200131C71 /* AppDelegate.m */ = {isa = PBXFileReference; lastKnownFileType = sourcecode.c.objc; path = AppDelegate.m; sourceTree = "<group>"; };
		265C0E9F19EA9D5200131C71 /* QufenqiBD.xcdatamodel */ = {isa = PBXFileReference; lastKnownFileType = wrapper.xcdatamodel; path = QufenqiBD.xcdatamodel; sourceTree = "<group>"; };
		265C0EA119EA9D5200131C71 /* ViewController.h */ = {isa = PBXFileReference; lastKnownFileType = sourcecode.c.h; path = ViewController.h; sourceTree = "<group>"; };
		265C0EA219EA9D5200131C71 /* ViewController.m */ = {isa = PBXFileReference; lastKnownFileType = sourcecode.c.objc; path = ViewController.m; sourceTree = "<group>"; };
		265C0EA519EA9D5200131C71 /* Base */ = {isa = PBXFileReference; lastKnownFileType = file.storyboard; name = Base; path = Base.lproj/Main.storyboard; sourceTree = "<group>"; };
		265C0EA719EA9D5200131C71 /* Images.xcassets */ = {isa = PBXFileReference; lastKnownFileType = folder.assetcatalog; path = Images.xcassets; sourceTree = "<group>"; };
		265C0EAA19EA9D5200131C71 /* Base */ = {isa = PBXFileReference; lastKnownFileType = file.xib; name = Base; path = Base.lproj/LaunchScreen.xib; sourceTree = "<group>"; };
		265C0EB019EA9D5200131C71 /* QufenqiBDTests.xctest */ = {isa = PBXFileReference; explicitFileType = wrapper.cfbundle; includeInIndex = 0; path = QufenqiBDTests.xctest; sourceTree = BUILT_PRODUCTS_DIR; };
		265C0EB519EA9D5200131C71 /* Info.plist */ = {isa = PBXFileReference; lastKnownFileType = text.plist.xml; path = Info.plist; sourceTree = "<group>"; };
		265C0EB619EA9D5200131C71 /* QufenqiBDTests.m */ = {isa = PBXFileReference; lastKnownFileType = sourcecode.c.objc; path = QufenqiBDTests.m; sourceTree = "<group>"; };
		265C0EC119EAA05D00131C71 /* IQKeyboardManager.bundle */ = {isa = PBXFileReference; lastKnownFileType = "wrapper.plug-in"; path = IQKeyboardManager.bundle; sourceTree = "<group>"; };
		265C0EC219EAA05D00131C71 /* KeyboardManager.framework */ = {isa = PBXFileReference; lastKnownFileType = wrapper.framework; path = KeyboardManager.framework; sourceTree = "<group>"; };
		265C0EC619EAA0EB00131C71 /* DataService.h */ = {isa = PBXFileReference; fileEncoding = 4; lastKnownFileType = sourcecode.c.h; path = DataService.h; sourceTree = "<group>"; };
		265C0EC719EAA0EB00131C71 /* DataService.m */ = {isa = PBXFileReference; fileEncoding = 4; lastKnownFileType = sourcecode.c.objc; path = DataService.m; sourceTree = "<group>"; };
		265C0ECA19EAA13F00131C71 /* AppConfig.h */ = {isa = PBXFileReference; fileEncoding = 4; lastKnownFileType = sourcecode.c.h; path = AppConfig.h; sourceTree = "<group>"; };
		265C0ECB19EAA25B00131C71 /* PrefixHeader.pch */ = {isa = PBXFileReference; fileEncoding = 4; lastKnownFileType = sourcecode.c.h; path = PrefixHeader.pch; sourceTree = "<group>"; };
		26691C3019F75C3400EA1F44 /* photoViewController.h */ = {isa = PBXFileReference; fileEncoding = 4; lastKnownFileType = sourcecode.c.h; path = photoViewController.h; sourceTree = "<group>"; };
		26691C3119F75C3400EA1F44 /* photoViewController.m */ = {isa = PBXFileReference; fileEncoding = 4; lastKnownFileType = sourcecode.c.objc; path = photoViewController.m; sourceTree = "<group>"; };
		266AA6FA19EFAA5400FFAFFA /* GoodView.h */ = {isa = PBXFileReference; fileEncoding = 4; lastKnownFileType = sourcecode.c.h; path = GoodView.h; sourceTree = "<group>"; };
		266AA6FB19EFAA5400FFAFFA /* GoodView.m */ = {isa = PBXFileReference; fileEncoding = 4; lastKnownFileType = sourcecode.c.objc; path = GoodView.m; sourceTree = "<group>"; };
		266AA70019EFB29300FFAFFA /* GoodCell.h */ = {isa = PBXFileReference; fileEncoding = 4; lastKnownFileType = sourcecode.c.h; path = GoodCell.h; sourceTree = "<group>"; };
		266AA70119EFB29300FFAFFA /* GoodCell.m */ = {isa = PBXFileReference; fileEncoding = 4; lastKnownFileType = sourcecode.c.objc; path = GoodCell.m; sourceTree = "<group>"; };
		266AA70319EFB2C400FFAFFA /* GoodCell.xib */ = {isa = PBXFileReference; fileEncoding = 4; lastKnownFileType = file.xib; path = GoodCell.xib; sourceTree = "<group>"; };
		267E4AD119EB8A8300F83313 /* UserModel.h */ = {isa = PBXFileReference; fileEncoding = 4; lastKnownFileType = sourcecode.c.h; path = UserModel.h; sourceTree = "<group>"; };
		267E4AD219EB8A8300F83313 /* UserModel.m */ = {isa = PBXFileReference; fileEncoding = 4; lastKnownFileType = sourcecode.c.objc; path = UserModel.m; sourceTree = "<group>"; };
		267E4AD419EB95F600F83313 /* User.h */ = {isa = PBXFileReference; fileEncoding = 4; lastKnownFileType = sourcecode.c.h; path = User.h; sourceTree = "<group>"; };
		267E4AD519EB95F600F83313 /* User.m */ = {isa = PBXFileReference; fileEncoding = 4; lastKnownFileType = sourcecode.c.objc; path = User.m; sourceTree = "<group>"; };
		267E4AD819EB974300F83313 /* NSString+Token.h */ = {isa = PBXFileReference; fileEncoding = 4; lastKnownFileType = sourcecode.c.h; path = "NSString+Token.h"; sourceTree = "<group>"; };
		267E4AD919EB974300F83313 /* NSString+Token.m */ = {isa = PBXFileReference; fileEncoding = 4; lastKnownFileType = sourcecode.c.objc; path = "NSString+Token.m"; sourceTree = "<group>"; };
		267E4ADC19EB9CE400F83313 /* ListViewController.h */ = {isa = PBXFileReference; fileEncoding = 4; lastKnownFileType = sourcecode.c.h; path = ListViewController.h; sourceTree = "<group>"; };
		267E4ADD19EB9CE400F83313 /* ListViewController.m */ = {isa = PBXFileReference; fileEncoding = 4; lastKnownFileType = sourcecode.c.objc; path = ListViewController.m; sourceTree = "<group>"; };
		267E4ADF19EBA40B00F83313 /* avatar.png */ = {isa = PBXFileReference; lastKnownFileType = image.png; path = avatar.png; sourceTree = "<group>"; };
		267E4AE019EBA40B00F83313 /* avatar@2x.png */ = {isa = PBXFileReference; lastKnownFileType = image.png; path = "avatar@2x.png"; sourceTree = "<group>"; };
		267E4AE119EBA40B00F83313 /* btn_hover@2x.png */ = {isa = PBXFileReference; lastKnownFileType = image.png; path = "btn_hover@2x.png"; sourceTree = "<group>"; };
		267E4AE219EBA40B00F83313 /* btn.png */ = {isa = PBXFileReference; lastKnownFileType = image.png; path = btn.png; sourceTree = "<group>"; };
		267E4AE319EBA40B00F83313 /* btn@2x.png */ = {isa = PBXFileReference; lastKnownFileType = image.png; path = "btn@2x.png"; sourceTree = "<group>"; };
		267E4AE419EBA40B00F83313 /* key.png */ = {isa = PBXFileReference; lastKnownFileType = image.png; path = key.png; sourceTree = "<group>"; };
		267E4AE519EBA40B00F83313 /* key@2x.png */ = {isa = PBXFileReference; lastKnownFileType = image.png; path = "key@2x.png"; sourceTree = "<group>"; };
		267E4AE619EBA40B00F83313 /* line.png */ = {isa = PBXFileReference; lastKnownFileType = image.png; path = line.png; sourceTree = "<group>"; };
		267E4AE719EBA40B00F83313 /* line@2x.png */ = {isa = PBXFileReference; lastKnownFileType = image.png; path = "line@2x.png"; sourceTree = "<group>"; };
		267E4AE819EBA40B00F83313 /* login_hover.png */ = {isa = PBXFileReference; lastKnownFileType = image.png; path = login_hover.png; sourceTree = "<group>"; };
		267E4AE919EBA40B00F83313 /* logo@2x.png */ = {isa = PBXFileReference; lastKnownFileType = image.png; path = "logo@2x.png"; sourceTree = "<group>"; };
		267E4AF519EBA4CB00F83313 /* logo.png */ = {isa = PBXFileReference; lastKnownFileType = image.png; path = logo.png; sourceTree = "<group>"; };
		267E4AF919EBAD2000F83313 /* top.png */ = {isa = PBXFileReference; lastKnownFileType = image.png; path = top.png; sourceTree = "<group>"; };
		267E4AFE19EBC16700F83313 /* OrderListModel.h */ = {isa = PBXFileReference; fileEncoding = 4; lastKnownFileType = sourcecode.c.h; path = OrderListModel.h; sourceTree = "<group>"; };
		267E4AFF19EBC16700F83313 /* OrderListModel.m */ = {isa = PBXFileReference; fileEncoding = 4; lastKnownFileType = sourcecode.c.objc; path = OrderListModel.m; sourceTree = "<group>"; };
		267E4B0119EBD12B00F83313 /* SchoolModel.h */ = {isa = PBXFileReference; fileEncoding = 4; lastKnownFileType = sourcecode.c.h; path = SchoolModel.h; sourceTree = "<group>"; };
		267E4B0219EBD12B00F83313 /* SchoolModel.m */ = {isa = PBXFileReference; fileEncoding = 4; lastKnownFileType = sourcecode.c.objc; path = SchoolModel.m; sourceTree = "<group>"; };
		267E4B0419EBD1CE00F83313 /* ListModel.h */ = {isa = PBXFileReference; fileEncoding = 4; lastKnownFileType = sourcecode.c.h; path = ListModel.h; sourceTree = "<group>"; };
		267E4B0519EBD1CE00F83313 /* ListModel.m */ = {isa = PBXFileReference; fileEncoding = 4; lastKnownFileType = sourcecode.c.objc; path = ListModel.m; sourceTree = "<group>"; };
		267E4B0719EBD4DB00F83313 /* OrderCountModel.h */ = {isa = PBXFileReference; fileEncoding = 4; lastKnownFileType = sourcecode.c.h; path = OrderCountModel.h; sourceTree = "<group>"; };
		267E4B0819EBD4DB00F83313 /* OrderCountModel.m */ = {isa = PBXFileReference; fileEncoding = 4; lastKnownFileType = sourcecode.c.objc; path = OrderCountModel.m; sourceTree = "<group>"; };
		267E4B0A19EBDA8900F83313 /* HeadView.h */ = {isa = PBXFileReference; fileEncoding = 4; lastKnownFileType = sourcecode.c.h; path = HeadView.h; sourceTree = "<group>"; };
		267E4B0B19EBDA8900F83313 /* HeadView.m */ = {isa = PBXFileReference; fileEncoding = 4; lastKnownFileType = sourcecode.c.objc; path = HeadView.m; sourceTree = "<group>"; };
		267E4B0D19EBF83600F83313 /* UIDevice+Extension.h */ = {isa = PBXFileReference; fileEncoding = 4; lastKnownFileType = sourcecode.c.h; path = "UIDevice+Extension.h"; sourceTree = "<group>"; };
		267E4B0E19EBF83600F83313 /* UIDevice+Extension.m */ = {isa = PBXFileReference; fileEncoding = 4; lastKnownFileType = sourcecode.c.objc; path = "UIDevice+Extension.m"; sourceTree = "<group>"; };
		267E4B1619ECBE6500F83313 /* ListCell.h */ = {isa = PBXFileReference; fileEncoding = 4; lastKnownFileType = sourcecode.c.h; path = ListCell.h; sourceTree = "<group>"; };
		267E4B1719ECBE6500F83313 /* ListCell.m */ = {isa = PBXFileReference; fileEncoding = 4; lastKnownFileType = sourcecode.c.objc; path = ListCell.m; sourceTree = "<group>"; };
		267E4B1919ECBEE700F83313 /* ListCell.xib */ = {isa = PBXFileReference; fileEncoding = 4; lastKnownFileType = file.xib; path = ListCell.xib; sourceTree = "<group>"; };
		267E4B1B19ECD72600F83313 /* DetailViewController.h */ = {isa = PBXFileReference; fileEncoding = 4; lastKnownFileType = sourcecode.c.h; path = DetailViewController.h; sourceTree = "<group>"; };
		267E4B1C19ECD72600F83313 /* DetailViewController.m */ = {isa = PBXFileReference; fileEncoding = 4; lastKnownFileType = sourcecode.c.objc; path = DetailViewController.m; sourceTree = "<group>"; };
		267E4B1D19ECD72600F83313 /* DetailViewController.xib */ = {isa = PBXFileReference; fileEncoding = 4; lastKnownFileType = file.xib; path = DetailViewController.xib; sourceTree = "<group>"; };
		267E4B2019ECFD3900F83313 /* PickImageView.h */ = {isa = PBXFileReference; fileEncoding = 4; lastKnownFileType = sourcecode.c.h; path = PickImageView.h; sourceTree = "<group>"; };
		267E4B2119ECFD3900F83313 /* PickImageView.m */ = {isa = PBXFileReference; fileEncoding = 4; lastKnownFileType = sourcecode.c.objc; path = PickImageView.m; sourceTree = "<group>"; };
		26A6AB3819FF61D200A79D12 /* UILabel+StringFrame.h */ = {isa = PBXFileReference; fileEncoding = 4; lastKnownFileType = sourcecode.c.h; path = "UILabel+StringFrame.h"; sourceTree = "<group>"; };
		26A6AB3919FF61D200A79D12 /* UILabel+StringFrame.m */ = {isa = PBXFileReference; fileEncoding = 4; lastKnownFileType = sourcecode.c.objc; path = "UILabel+StringFrame.m"; sourceTree = "<group>"; };
		26ABB59B19F0BAA5007E1800 /* FenQiFootView.h */ = {isa = PBXFileReference; fileEncoding = 4; lastKnownFileType = sourcecode.c.h; path = FenQiFootView.h; sourceTree = "<group>"; };
		26ABB59C19F0BAA5007E1800 /* FenQiFootView.m */ = {isa = PBXFileReference; fileEncoding = 4; lastKnownFileType = sourcecode.c.objc; path = FenQiFootView.m; sourceTree = "<group>"; };
		26ABB59E19F0F777007E1800 /* UIView+Tool.h */ = {isa = PBXFileReference; fileEncoding = 4; lastKnownFileType = sourcecode.c.h; path = "UIView+Tool.h"; sourceTree = "<group>"; };
		26ABB59F19F0F777007E1800 /* UIView+Tool.m */ = {isa = PBXFileReference; fileEncoding = 4; lastKnownFileType = sourcecode.c.objc; path = "UIView+Tool.m"; sourceTree = "<group>"; };
		26B21CBB1A10D5BC00F9228D /* SimulationContractViewController.h */ = {isa = PBXFileReference; fileEncoding = 4; lastKnownFileType = sourcecode.c.h; path = SimulationContractViewController.h; sourceTree = "<group>"; };
		26B21CBC1A10D5BC00F9228D /* SimulationContractViewController.m */ = {isa = PBXFileReference; fileEncoding = 4; lastKnownFileType = sourcecode.c.objc; path = SimulationContractViewController.m; sourceTree = "<group>"; };
		26B21CBD1A10D5BC00F9228D /* SimulationContractViewController.xib */ = {isa = PBXFileReference; fileEncoding = 4; lastKnownFileType = file.xib; path = SimulationContractViewController.xib; sourceTree = "<group>"; };
		26DAD9731A09F9FB00A4D69A /* MessageUI.framework */ = {isa = PBXFileReference; lastKnownFileType = wrapper.framework; name = MessageUI.framework; path = System/Library/Frameworks/MessageUI.framework; sourceTree = SDKROOT; };
		26E484031A08BBC8008991FD /* mobile.png */ = {isa = PBXFileReference; lastKnownFileType = image.png; path = mobile.png; sourceTree = "<group>"; };
		26E484041A08BBC8008991FD /* message@2x.png */ = {isa = PBXFileReference; lastKnownFileType = image.png; path = "message@2x.png"; sourceTree = "<group>"; };
		26E484051A08BBC8008991FD /* message.png */ = {isa = PBXFileReference; lastKnownFileType = image.png; path = message.png; sourceTree = "<group>"; };
		26E484061A08BBC8008991FD /* mobile@2x.png */ = {isa = PBXFileReference; lastKnownFileType = image.png; path = "mobile@2x.png"; sourceTree = "<group>"; };
		26E4840B1A08BDB0008991FD /* DBManager.h */ = {isa = PBXFileReference; fileEncoding = 4; lastKnownFileType = sourcecode.c.h; path = DBManager.h; sourceTree = "<group>"; };
		26E4840C1A08BDB0008991FD /* DBManager.m */ = {isa = PBXFileReference; fileEncoding = 4; lastKnownFileType = sourcecode.c.objc; path = DBManager.m; sourceTree = "<group>"; };
		26F5E68019F8FCE900869CAA /* DBModel.h */ = {isa = PBXFileReference; fileEncoding = 4; lastKnownFileType = sourcecode.c.h; path = DBModel.h; sourceTree = "<group>"; };
		26F5E68119F8FCE900869CAA /* DBModel.m */ = {isa = PBXFileReference; fileEncoding = 4; lastKnownFileType = sourcecode.c.objc; path = DBModel.m; sourceTree = "<group>"; };
		26F5E68319FA42D700869CAA /* JSONKit.h */ = {isa = PBXFileReference; fileEncoding = 4; lastKnownFileType = sourcecode.c.h; path = JSONKit.h; sourceTree = "<group>"; };
		26F5E68419FA42D700869CAA /* JSONKit.m */ = {isa = PBXFileReference; fileEncoding = 4; lastKnownFileType = sourcecode.c.objc; path = JSONKit.m; sourceTree = "<group>"; };
		26FA44241A00B39D00A3FA1E /* UITextField+ChangeBorder.h */ = {isa = PBXFileReference; fileEncoding = 4; lastKnownFileType = sourcecode.c.h; path = "UITextField+ChangeBorder.h"; sourceTree = "<group>"; };
		26FA44251A00B39D00A3FA1E /* UITextField+ChangeBorder.m */ = {isa = PBXFileReference; fileEncoding = 4; lastKnownFileType = sourcecode.c.objc; path = "UITextField+ChangeBorder.m"; sourceTree = "<group>"; };
		26FA44271A00B7C800A3FA1E /* UIImage+FixOrientation.h */ = {isa = PBXFileReference; fileEncoding = 4; lastKnownFileType = sourcecode.c.h; path = "UIImage+FixOrientation.h"; sourceTree = "<group>"; };
		26FA44281A00B7C800A3FA1E /* UIImage+FixOrientation.m */ = {isa = PBXFileReference; fileEncoding = 4; lastKnownFileType = sourcecode.c.objc; path = "UIImage+FixOrientation.m"; sourceTree = "<group>"; };
		26FA442A1A00E6B700A3FA1E /* NSMutableArray+IsEqualToArray.h */ = {isa = PBXFileReference; fileEncoding = 4; lastKnownFileType = sourcecode.c.h; path = "NSMutableArray+IsEqualToArray.h"; sourceTree = "<group>"; };
		26FA442B1A00E6B700A3FA1E /* NSMutableArray+IsEqualToArray.m */ = {isa = PBXFileReference; fileEncoding = 4; lastKnownFileType = sourcecode.c.objc; path = "NSMutableArray+IsEqualToArray.m"; sourceTree = "<group>"; };
		26FA442D1A00EE0400A3FA1E /* DbToNetManager.h */ = {isa = PBXFileReference; fileEncoding = 4; lastKnownFileType = sourcecode.c.h; path = DbToNetManager.h; sourceTree = "<group>"; };
		26FA442E1A00EE0400A3FA1E /* DbToNetManager.m */ = {isa = PBXFileReference; fileEncoding = 4; lastKnownFileType = sourcecode.c.objc; path = DbToNetManager.m; sourceTree = "<group>"; };
		3CCA00C726750ADE709C361E /* Pods.debug.xcconfig */ = {isa = PBXFileReference; includeInIndex = 1; lastKnownFileType = text.xcconfig; name = Pods.debug.xcconfig; path = "Pods/Target Support Files/Pods/Pods.debug.xcconfig"; sourceTree = "<group>"; };
		3FB70E1384C2495EA5E1B0F2 /* libPods.a */ = {isa = PBXFileReference; explicitFileType = archive.ar; includeInIndex = 0; path = libPods.a; sourceTree = BUILT_PRODUCTS_DIR; };
		9F7997A860D637EFF58607B4 /* Pods.release.xcconfig */ = {isa = PBXFileReference; includeInIndex = 1; lastKnownFileType = text.xcconfig; name = Pods.release.xcconfig; path = "Pods/Target Support Files/Pods/Pods.release.xcconfig"; sourceTree = "<group>"; };
/* End PBXFileReference section */

/* Begin PBXFrameworksBuildPhase section */
		265C0E9119EA9D5200131C71 /* Frameworks */ = {
			isa = PBXFrameworksBuildPhase;
			buildActionMask = 2147483647;
			files = (
				26DAD9741A09F9FB00A4D69A /* MessageUI.framework in Frameworks */,
				2750B542241749ECBB2F504E /* libPods.a in Frameworks */,
				265C0EC419EAA05D00131C71 /* KeyboardManager.framework in Frameworks */,
			);
			runOnlyForDeploymentPostprocessing = 0;
		};
		265C0EAD19EA9D5200131C71 /* Frameworks */ = {
			isa = PBXFrameworksBuildPhase;
			buildActionMask = 2147483647;
			files = (
			);
			runOnlyForDeploymentPostprocessing = 0;
		};
/* End PBXFrameworksBuildPhase section */

/* Begin PBXGroup section */
		260E9E6B19FE472C00C39433 /* Logo */ = {
			isa = PBXGroup;
			children = (
				260E9E7819FE487700C39433 /* 50.png */,
				260E9E7619FE47F600C39433 /* 180.png */,
				260E9E7419FE47B600C39433 /* 80.png */,
				260E9E7219FE47AD00C39433 /* 120.png */,
				260E9E7019FE475500C39433 /* 87.png */,
				260E9E6E19FE475000C39433 /* 58.png */,
				260E9E7A19FE487C00C39433 /* 100.png */,
				260E9E6C19FE474800C39433 /* 29.png */,
				260E9E6319FE45A900C39433 /* 57.png */,
				260E9E6419FE45A900C39433 /* 72.png */,
				260E9E6519FE45A900C39433 /* 114.png */,
				260E9E6619FE45A900C39433 /* 144.png */,
			);
			name = Logo;
			sourceTree = "<group>";
		};
		2637183619EE2E5500E17E0C /* listModel */ = {
			isa = PBXGroup;
			children = (
				267E4AFE19EBC16700F83313 /* OrderListModel.h */,
				267E4AFF19EBC16700F83313 /* OrderListModel.m */,
				267E4B0119EBD12B00F83313 /* SchoolModel.h */,
				267E4B0219EBD12B00F83313 /* SchoolModel.m */,
				267E4B0419EBD1CE00F83313 /* ListModel.h */,
				267E4B0519EBD1CE00F83313 /* ListModel.m */,
				267E4B0719EBD4DB00F83313 /* OrderCountModel.h */,
				267E4B0819EBD4DB00F83313 /* OrderCountModel.m */,
			);
			name = listModel;
			sourceTree = "<group>";
		};
		2637183719EE2E6B00E17E0C /* DetailModel */ = {
			isa = PBXGroup;
			children = (
				2637184819EE4F0300E17E0C /* order */,
				2637184719EE4EF300E17E0C /* good */,
			);
			name = DetailModel;
			sourceTree = "<group>";
		};
		2637184719EE4EF300E17E0C /* good */ = {
			isa = PBXGroup;
			children = (
				2637184419EE485500E17E0C /* GoodInfoModel.h */,
				2637184519EE485500E17E0C /* GoodInfoModel.m */,
			);
			name = good;
			sourceTree = "<group>";
		};
		2637184819EE4F0300E17E0C /* order */ = {
			isa = PBXGroup;
			children = (
				2637183B19EE2FEB00E17E0C /* ContractInfoModel.h */,
				2637183C19EE2FEB00E17E0C /* ContractInfoModel.m */,
				2637183E19EE33C100E17E0C /* EcModel.h */,
				2637183F19EE33C100E17E0C /* EcModel.m */,
				2637184119EE46FA00E17E0C /* More_RelModel.h */,
				2637184219EE46FA00E17E0C /* More_RelModel.m */,
			);
			name = order;
			sourceTree = "<group>";
		};
		265C0E8B19EA9D5200131C71 = {
			isa = PBXGroup;
			children = (
				267E4AD419EB95F600F83313 /* User.h */,
				267E4AD519EB95F600F83313 /* User.m */,
				265C0E9619EA9D5200131C71 /* QufenqiBD */,
				265C0EB319EA9D5200131C71 /* QufenqiBDTests */,
				265C0E9519EA9D5200131C71 /* Products */,
				6CB33440A5004A2A90412254 /* Frameworks */,
				6CCA76472B011ABBC2A1803F /* Pods */,
			);
			sourceTree = "<group>";
		};
		265C0E9519EA9D5200131C71 /* Products */ = {
			isa = PBXGroup;
			children = (
				265C0E9419EA9D5200131C71 /* QufenqiBD.app */,
				265C0EB019EA9D5200131C71 /* QufenqiBDTests.xctest */,
			);
			name = Products;
			sourceTree = "<group>";
		};
		265C0E9619EA9D5200131C71 /* QufenqiBD */ = {
			isa = PBXGroup;
			children = (
				267E4B1019ECBDAD00F83313 /* View */,
				267E4ADB19EB998C00F83313 /* ViewController */,
				265C0ECC19EAA35600131C71 /* Model */,
				265C0EC519EAA07200131C71 /* Common */,
				265C0EC019EAA00C00131C71 /* IQKeyboardManager */,
				265C0E9B19EA9D5200131C71 /* AppDelegate.h */,
				265C0E9C19EA9D5200131C71 /* AppDelegate.m */,
				265C0EA419EA9D5200131C71 /* Main.storyboard */,
				265C0EA719EA9D5200131C71 /* Images.xcassets */,
				265C0EA919EA9D5200131C71 /* LaunchScreen.xib */,
				265C0E9E19EA9D5200131C71 /* QufenqiBD.xcdatamodeld */,
				265C0E9719EA9D5200131C71 /* Supporting Files */,
			);
			path = QufenqiBD;
			sourceTree = "<group>";
		};
		265C0E9719EA9D5200131C71 /* Supporting Files */ = {
			isa = PBXGroup;
			children = (
				260E9E6B19FE472C00C39433 /* Logo */,
				267E4ABC19EB87D000F83313 /* Rescouce */,
				265C0E9819EA9D5200131C71 /* Info.plist */,
				265C0E9919EA9D5200131C71 /* main.m */,
				265C0ECB19EAA25B00131C71 /* PrefixHeader.pch */,
			);
			name = "Supporting Files";
			sourceTree = "<group>";
		};
		265C0EB319EA9D5200131C71 /* QufenqiBDTests */ = {
			isa = PBXGroup;
			children = (
				265C0EB619EA9D5200131C71 /* QufenqiBDTests.m */,
				265C0EB419EA9D5200131C71 /* Supporting Files */,
			);
			path = QufenqiBDTests;
			sourceTree = "<group>";
		};
		265C0EB419EA9D5200131C71 /* Supporting Files */ = {
			isa = PBXGroup;
			children = (
				265C0EB519EA9D5200131C71 /* Info.plist */,
			);
			name = "Supporting Files";
			sourceTree = "<group>";
		};
		265C0EC019EAA00C00131C71 /* IQKeyboardManager */ = {
			isa = PBXGroup;
			children = (
				265C0EC119EAA05D00131C71 /* IQKeyboardManager.bundle */,
				265C0EC219EAA05D00131C71 /* KeyboardManager.framework */,
			);
			name = IQKeyboardManager;
			sourceTree = "<group>";
		};
		265C0EC519EAA07200131C71 /* Common */ = {
			isa = PBXGroup;
			children = (
				26E4840B1A08BDB0008991FD /* DBManager.h */,
				26E4840C1A08BDB0008991FD /* DBManager.m */,
				267E4AD819EB974300F83313 /* NSString+Token.h */,
				267E4AD919EB974300F83313 /* NSString+Token.m */,
				267E4B0D19EBF83600F83313 /* UIDevice+Extension.h */,
				267E4B0E19EBF83600F83313 /* UIDevice+Extension.m */,
				26ABB59E19F0F777007E1800 /* UIView+Tool.h */,
				26ABB59F19F0F777007E1800 /* UIView+Tool.m */,
				26A6AB3819FF61D200A79D12 /* UILabel+StringFrame.h */,
				26A6AB3919FF61D200A79D12 /* UILabel+StringFrame.m */,
				26FA44241A00B39D00A3FA1E /* UITextField+ChangeBorder.h */,
				26FA44251A00B39D00A3FA1E /* UITextField+ChangeBorder.m */,
				26FA44271A00B7C800A3FA1E /* UIImage+FixOrientation.h */,
				26FA44281A00B7C800A3FA1E /* UIImage+FixOrientation.m */,
				265C0EC619EAA0EB00131C71 /* DataService.h */,
				265C0EC719EAA0EB00131C71 /* DataService.m */,
				265C0ECA19EAA13F00131C71 /* AppConfig.h */,
				26FA442A1A00E6B700A3FA1E /* NSMutableArray+IsEqualToArray.h */,
				26FA442B1A00E6B700A3FA1E /* NSMutableArray+IsEqualToArray.m */,
				26FA442D1A00EE0400A3FA1E /* DbToNetManager.h */,
				26FA442E1A00EE0400A3FA1E /* DbToNetManager.m */,
			);
			name = Common;
			sourceTree = "<group>";
		};
		265C0ECC19EAA35600131C71 /* Model */ = {
			isa = PBXGroup;
			children = (
				26F5E67F19F8FCD100869CAA /* DBModel */,
				2637183719EE2E6B00E17E0C /* DetailModel */,
				2637183619EE2E5500E17E0C /* listModel */,
				267E4AD119EB8A8300F83313 /* UserModel.h */,
				267E4AD219EB8A8300F83313 /* UserModel.m */,
			);
			name = Model;
			sourceTree = "<group>";
		};
		267E4ABC19EB87D000F83313 /* Rescouce */ = {
			isa = PBXGroup;
			children = (
				262694AE1A0A270C00AB318B /* back.png */,
				262694AF1A0A270C00AB318B /* back@2x.png */,
				26E484031A08BBC8008991FD /* mobile.png */,
				26E484041A08BBC8008991FD /* message@2x.png */,
				26E484051A08BBC8008991FD /* message.png */,
				26E484061A08BBC8008991FD /* mobile@2x.png */,
				264C799E19F4BA4C003BEE87 /* down.png */,
				264C799F19F4BA4C003BEE87 /* down@2x.png */,
				264C799A19F25CB6003BEE87 /* white.png */,
				264C799B19F25CB6003BEE87 /* white@2x.png */,
				264C799619F259E7003BEE87 /* add.png */,
				264C799719F259E7003BEE87 /* add@2x.png */,
				264C799219F259D1003BEE87 /* lineh.png */,
				264C799319F259D1003BEE87 /* lineh@2x.png */,
				264C798E19F2584D003BEE87 /* givebtn.png */,
				264C798F19F2584D003BEE87 /* givebtn@2x.png */,
				264C798719F2570F003BEE87 /* linev.png */,
				264C798819F2570F003BEE87 /* linev@2x.png */,
				267E4AF919EBAD2000F83313 /* top.png */,
				267E4ADF19EBA40B00F83313 /* avatar.png */,
				267E4AE019EBA40B00F83313 /* avatar@2x.png */,
				267E4AE119EBA40B00F83313 /* btn_hover@2x.png */,
				267E4AE219EBA40B00F83313 /* btn.png */,
				267E4AE319EBA40B00F83313 /* btn@2x.png */,
				267E4AE419EBA40B00F83313 /* key.png */,
				267E4AE519EBA40B00F83313 /* key@2x.png */,
				267E4AE619EBA40B00F83313 /* line.png */,
				267E4AE719EBA40B00F83313 /* line@2x.png */,
				267E4AE819EBA40B00F83313 /* login_hover.png */,
				267E4AF519EBA4CB00F83313 /* logo.png */,
				267E4AE919EBA40B00F83313 /* logo@2x.png */,
			);
			name = Rescouce;
			sourceTree = "<group>";
		};
		267E4ADB19EB998C00F83313 /* ViewController */ = {
			isa = PBXGroup;
			children = (
				265C0EA119EA9D5200131C71 /* ViewController.h */,
				265C0EA219EA9D5200131C71 /* ViewController.m */,
				267E4ADC19EB9CE400F83313 /* ListViewController.h */,
				267E4ADD19EB9CE400F83313 /* ListViewController.m */,
				267E4B1B19ECD72600F83313 /* DetailViewController.h */,
				267E4B1C19ECD72600F83313 /* DetailViewController.m */,
				267E4B1D19ECD72600F83313 /* DetailViewController.xib */,
				26691C3019F75C3400EA1F44 /* photoViewController.h */,
				26691C3119F75C3400EA1F44 /* photoViewController.m */,
				26B21CBB1A10D5BC00F9228D /* SimulationContractViewController.h */,
				26B21CBC1A10D5BC00F9228D /* SimulationContractViewController.m */,
				26B21CBD1A10D5BC00F9228D /* SimulationContractViewController.xib */,
			);
			name = ViewController;
			sourceTree = "<group>";
		};
		267E4B1019ECBDAD00F83313 /* View */ = {
			isa = PBXGroup;
			children = (
				267E4B0A19EBDA8900F83313 /* HeadView.h */,
				267E4B0B19EBDA8900F83313 /* HeadView.m */,
				267E4B1619ECBE6500F83313 /* ListCell.h */,
				267E4B1719ECBE6500F83313 /* ListCell.m */,
				267E4B1919ECBEE700F83313 /* ListCell.xib */,
				267E4B2019ECFD3900F83313 /* PickImageView.h */,
				267E4B2119ECFD3900F83313 /* PickImageView.m */,
				266AA6FA19EFAA5400FFAFFA /* GoodView.h */,
				266AA6FB19EFAA5400FFAFFA /* GoodView.m */,
				266AA70019EFB29300FFAFFA /* GoodCell.h */,
				266AA70119EFB29300FFAFFA /* GoodCell.m */,
				266AA70319EFB2C400FFAFFA /* GoodCell.xib */,
				26ABB59B19F0BAA5007E1800 /* FenQiFootView.h */,
				26ABB59C19F0BAA5007E1800 /* FenQiFootView.m */,
			);
			name = View;
			sourceTree = "<group>";
		};
		26F5E67F19F8FCD100869CAA /* DBModel */ = {
			isa = PBXGroup;
			children = (
				26F5E68319FA42D700869CAA /* JSONKit.h */,
				26F5E68419FA42D700869CAA /* JSONKit.m */,
				26F5E68019F8FCE900869CAA /* DBModel.h */,
				26F5E68119F8FCE900869CAA /* DBModel.m */,
			);
			name = DBModel;
			sourceTree = "<group>";
		};
		6CB33440A5004A2A90412254 /* Frameworks */ = {
			isa = PBXGroup;
			children = (
				26DAD9731A09F9FB00A4D69A /* MessageUI.framework */,
				3FB70E1384C2495EA5E1B0F2 /* libPods.a */,
			);
			name = Frameworks;
			sourceTree = "<group>";
		};
		6CCA76472B011ABBC2A1803F /* Pods */ = {
			isa = PBXGroup;
			children = (
				3CCA00C726750ADE709C361E /* Pods.debug.xcconfig */,
				9F7997A860D637EFF58607B4 /* Pods.release.xcconfig */,
			);
			name = Pods;
			sourceTree = "<group>";
		};
/* End PBXGroup section */

/* Begin PBXNativeTarget section */
		265C0E9319EA9D5200131C71 /* QufenqiBD */ = {
			isa = PBXNativeTarget;
			buildConfigurationList = 265C0EBA19EA9D5200131C71 /* Build configuration list for PBXNativeTarget "QufenqiBD" */;
			buildPhases = (
				1C0D877064814A0FB51DE455 /* Check Pods Manifest.lock */,
				265C0E9019EA9D5200131C71 /* Sources */,
				265C0E9119EA9D5200131C71 /* Frameworks */,
				265C0E9219EA9D5200131C71 /* Resources */,
				FC36996AC352483087381E60 /* Copy Pods Resources */,
			);
			buildRules = (
			);
			dependencies = (
			);
			name = QufenqiBD;
			productName = QufenqiBD;
			productReference = 265C0E9419EA9D5200131C71 /* QufenqiBD.app */;
			productType = "com.apple.product-type.application";
		};
		265C0EAF19EA9D5200131C71 /* QufenqiBDTests */ = {
			isa = PBXNativeTarget;
			buildConfigurationList = 265C0EBD19EA9D5200131C71 /* Build configuration list for PBXNativeTarget "QufenqiBDTests" */;
			buildPhases = (
				265C0EAC19EA9D5200131C71 /* Sources */,
				265C0EAD19EA9D5200131C71 /* Frameworks */,
				265C0EAE19EA9D5200131C71 /* Resources */,
			);
			buildRules = (
			);
			dependencies = (
				265C0EB219EA9D5200131C71 /* PBXTargetDependency */,
			);
			name = QufenqiBDTests;
			productName = QufenqiBDTests;
			productReference = 265C0EB019EA9D5200131C71 /* QufenqiBDTests.xctest */;
			productType = "com.apple.product-type.bundle.unit-test";
		};
/* End PBXNativeTarget section */

/* Begin PBXProject section */
		265C0E8C19EA9D5200131C71 /* Project object */ = {
			isa = PBXProject;
			attributes = {
				LastUpgradeCheck = 0600;
				ORGANIZATIONNAME = qufenqi;
				TargetAttributes = {
					265C0E9319EA9D5200131C71 = {
						CreatedOnToolsVersion = 6.0.1;
						DevelopmentTeam = CK97Q5PAYA;
					};
					265C0EAF19EA9D5200131C71 = {
						CreatedOnToolsVersion = 6.0.1;
						TestTargetID = 265C0E9319EA9D5200131C71;
					};
				};
			};
			buildConfigurationList = 265C0E8F19EA9D5200131C71 /* Build configuration list for PBXProject "QufenqiBD" */;
			compatibilityVersion = "Xcode 3.2";
			developmentRegion = English;
			hasScannedForEncodings = 0;
			knownRegions = (
				en,
				Base,
			);
			mainGroup = 265C0E8B19EA9D5200131C71;
			productRefGroup = 265C0E9519EA9D5200131C71 /* Products */;
			projectDirPath = "";
			projectRoot = "";
			targets = (
				265C0E9319EA9D5200131C71 /* QufenqiBD */,
				265C0EAF19EA9D5200131C71 /* QufenqiBDTests */,
			);
		};
/* End PBXProject section */

/* Begin PBXResourcesBuildPhase section */
		265C0E9219EA9D5200131C71 /* Resources */ = {
			isa = PBXResourcesBuildPhase;
			buildActionMask = 2147483647;
			files = (
				26E484091A08BBC8008991FD /* message.png in Resources */,
				264C79A119F4BA4C003BEE87 /* down@2x.png in Resources */,
				264C799819F259E7003BEE87 /* add.png in Resources */,
				267E4B1F19ECD72600F83313 /* DetailViewController.xib in Resources */,
				264C799D19F25CB6003BEE87 /* white@2x.png in Resources */,
				267E4AF319EBA40B00F83313 /* login_hover.png in Resources */,
				260E9E6919FE45A900C39433 /* 114.png in Resources */,
				262694B11A0A270C00AB318B /* back@2x.png in Resources */,
				267E4B1A19ECBEE700F83313 /* ListCell.xib in Resources */,
				260E9E7B19FE487C00C39433 /* 100.png in Resources */,
				267E4AF019EBA40B00F83313 /* key@2x.png in Resources */,
				264C79A019F4BA4C003BEE87 /* down.png in Resources */,
				260E9E7719FE47F600C39433 /* 180.png in Resources */,
				264C799419F259D1003BEE87 /* lineh.png in Resources */,
				265C0EA619EA9D5200131C71 /* Main.storyboard in Resources */,
				264C798919F2570F003BEE87 /* linev.png in Resources */,
				260E9E6719FE45A900C39433 /* 57.png in Resources */,
				260E9E6819FE45A900C39433 /* 72.png in Resources */,
				264C799C19F25CB6003BEE87 /* white.png in Resources */,
				267E4AEE19EBA40B00F83313 /* btn@2x.png in Resources */,
				266AA70419EFB2C400FFAFFA /* GoodCell.xib in Resources */,
				26B21CBF1A10D5BC00F9228D /* SimulationContractViewController.xib in Resources */,
				267E4AEC19EBA40B00F83313 /* btn_hover@2x.png in Resources */,
				267E4AEA19EBA40B00F83313 /* avatar.png in Resources */,
				264C799519F259D1003BEE87 /* lineh@2x.png in Resources */,
				264C799119F2584D003BEE87 /* givebtn@2x.png in Resources */,
				267E4AF219EBA40B00F83313 /* line@2x.png in Resources */,
				262694B01A0A270C00AB318B /* back.png in Resources */,
				260E9E6F19FE475000C39433 /* 58.png in Resources */,
				265C0EAB19EA9D5200131C71 /* LaunchScreen.xib in Resources */,
				260E9E7919FE487700C39433 /* 50.png in Resources */,
				26E484071A08BBC8008991FD /* mobile.png in Resources */,
				26E484081A08BBC8008991FD /* message@2x.png in Resources */,
				267E4AEF19EBA40B00F83313 /* key.png in Resources */,
				260E9E7519FE47B600C39433 /* 80.png in Resources */,
				264C799019F2584D003BEE87 /* givebtn.png in Resources */,
				260E9E7119FE475500C39433 /* 87.png in Resources */,
				26E4840A1A08BBC8008991FD /* mobile@2x.png in Resources */,
				267E4AEB19EBA40B00F83313 /* avatar@2x.png in Resources */,
				267E4AF419EBA40B00F83313 /* logo@2x.png in Resources */,
				260E9E6A19FE45A900C39433 /* 144.png in Resources */,
				264C799919F259E7003BEE87 /* add@2x.png in Resources */,
				265C0EC319EAA05D00131C71 /* IQKeyboardManager.bundle in Resources */,
				260E9E6D19FE474800C39433 /* 29.png in Resources */,
				267E4AF619EBA4CB00F83313 /* logo.png in Resources */,
				267E4AED19EBA40B00F83313 /* btn.png in Resources */,
				265C0EA819EA9D5200131C71 /* Images.xcassets in Resources */,
				267E4AFA19EBAD2000F83313 /* top.png in Resources */,
				260E9E7319FE47AD00C39433 /* 120.png in Resources */,
				267E4AF119EBA40B00F83313 /* line.png in Resources */,
				264C798A19F2570F003BEE87 /* linev@2x.png in Resources */,
			);
			runOnlyForDeploymentPostprocessing = 0;
		};
		265C0EAE19EA9D5200131C71 /* Resources */ = {
			isa = PBXResourcesBuildPhase;
			buildActionMask = 2147483647;
			files = (
			);
			runOnlyForDeploymentPostprocessing = 0;
		};
/* End PBXResourcesBuildPhase section */

/* Begin PBXShellScriptBuildPhase section */
		1C0D877064814A0FB51DE455 /* Check Pods Manifest.lock */ = {
			isa = PBXShellScriptBuildPhase;
			buildActionMask = 2147483647;
			files = (
			);
			inputPaths = (
			);
			name = "Check Pods Manifest.lock";
			outputPaths = (
			);
			runOnlyForDeploymentPostprocessing = 0;
			shellPath = /bin/sh;
			shellScript = "diff \"${PODS_ROOT}/../Podfile.lock\" \"${PODS_ROOT}/Manifest.lock\" > /dev/null\nif [[ $? != 0 ]] ; then\n    cat << EOM\nerror: The sandbox is not in sync with the Podfile.lock. Run 'pod install' or update your CocoaPods installation.\nEOM\n    exit 1\nfi\n";
			showEnvVarsInLog = 0;
		};
		FC36996AC352483087381E60 /* Copy Pods Resources */ = {
			isa = PBXShellScriptBuildPhase;
			buildActionMask = 2147483647;
			files = (
			);
			inputPaths = (
			);
			name = "Copy Pods Resources";
			outputPaths = (
			);
			runOnlyForDeploymentPostprocessing = 0;
			shellPath = /bin/sh;
			shellScript = "\"${SRCROOT}/Pods/Target Support Files/Pods/Pods-resources.sh\"\n";
			showEnvVarsInLog = 0;
		};
/* End PBXShellScriptBuildPhase section */

/* Begin PBXSourcesBuildPhase section */
		265C0E9019EA9D5200131C71 /* Sources */ = {
			isa = PBXSourcesBuildPhase;
			buildActionMask = 2147483647;
			files = (
				26ABB59D19F0BAA5007E1800 /* FenQiFootView.m in Sources */,
				267E4ADE19EB9CE400F83313 /* ListViewController.m in Sources */,
				267E4B0319EBD12B00F83313 /* SchoolModel.m in Sources */,
				26A6AB3A19FF61D200A79D12 /* UILabel+StringFrame.m in Sources */,
				266AA70219EFB29300FFAFFA /* GoodCell.m in Sources */,
				266AA6FC19EFAA5400FFAFFA /* GoodView.m in Sources */,
				267E4B0919EBD4DB00F83313 /* OrderCountModel.m in Sources */,
				2637183D19EE2FEB00E17E0C /* ContractInfoModel.m in Sources */,
				26FA442F1A00EE0400A3FA1E /* DbToNetManager.m in Sources */,
				267E4AD619EB95F600F83313 /* User.m in Sources */,
				265C0E9D19EA9D5200131C71 /* AppDelegate.m in Sources */,
				267E4B0F19EBF83600F83313 /* UIDevice+Extension.m in Sources */,
				26FA44261A00B39D00A3FA1E /* UITextField+ChangeBorder.m in Sources */,
				267E4B0619EBD1CE00F83313 /* ListModel.m in Sources */,
				26E4840D1A08BDB0008991FD /* DBManager.m in Sources */,
				2637184319EE46FA00E17E0C /* More_RelModel.m in Sources */,
				265C0EC819EAA0EB00131C71 /* DataService.m in Sources */,
				265C0EA019EA9D5200131C71 /* QufenqiBD.xcdatamodeld in Sources */,
				26F5E68519FA42D700869CAA /* JSONKit.m in Sources */,
				267E4ADA19EB974300F83313 /* NSString+Token.m in Sources */,
				267E4B1E19ECD72600F83313 /* DetailViewController.m in Sources */,
				267E4B2219ECFD3900F83313 /* PickImageView.m in Sources */,
				267E4B1819ECBE6500F83313 /* ListCell.m in Sources */,
				2637184619EE485500E17E0C /* GoodInfoModel.m in Sources */,
				26FA44291A00B7C800A3FA1E /* UIImage+FixOrientation.m in Sources */,
				26FA442C1A00E6B700A3FA1E /* NSMutableArray+IsEqualToArray.m in Sources */,
				267E4B0019EBC16700F83313 /* OrderListModel.m in Sources */,
				26F5E68219F8FCE900869CAA /* DBModel.m in Sources */,
				26691C3219F75C3400EA1F44 /* photoViewController.m in Sources */,
				26ABB5A019F0F777007E1800 /* UIView+Tool.m in Sources */,
				267E4B0C19EBDA8900F83313 /* HeadView.m in Sources */,
				26B21CBE1A10D5BC00F9228D /* SimulationContractViewController.m in Sources */,
				265C0EA319EA9D5200131C71 /* ViewController.m in Sources */,
				2637184019EE33C100E17E0C /* EcModel.m in Sources */,
				267E4AD319EB8A8300F83313 /* UserModel.m in Sources */,
				265C0E9A19EA9D5200131C71 /* main.m in Sources */,
			);
			runOnlyForDeploymentPostprocessing = 0;
		};
		265C0EAC19EA9D5200131C71 /* Sources */ = {
			isa = PBXSourcesBuildPhase;
			buildActionMask = 2147483647;
			files = (
				265C0EB719EA9D5200131C71 /* QufenqiBDTests.m in Sources */,
			);
			runOnlyForDeploymentPostprocessing = 0;
		};
/* End PBXSourcesBuildPhase section */

/* Begin PBXTargetDependency section */
		265C0EB219EA9D5200131C71 /* PBXTargetDependency */ = {
			isa = PBXTargetDependency;
			target = 265C0E9319EA9D5200131C71 /* QufenqiBD */;
			targetProxy = 265C0EB119EA9D5200131C71 /* PBXContainerItemProxy */;
		};
/* End PBXTargetDependency section */

/* Begin PBXVariantGroup section */
		265C0EA419EA9D5200131C71 /* Main.storyboard */ = {
			isa = PBXVariantGroup;
			children = (
				265C0EA519EA9D5200131C71 /* Base */,
			);
			name = Main.storyboard;
			sourceTree = "<group>";
		};
		265C0EA919EA9D5200131C71 /* LaunchScreen.xib */ = {
			isa = PBXVariantGroup;
			children = (
				265C0EAA19EA9D5200131C71 /* Base */,
			);
			name = LaunchScreen.xib;
			sourceTree = "<group>";
		};
/* End PBXVariantGroup section */

/* Begin XCBuildConfiguration section */
		265C0EB819EA9D5200131C71 /* Debug */ = {
			isa = XCBuildConfiguration;
			buildSettings = {
				ALWAYS_SEARCH_USER_PATHS = NO;
				CLANG_CXX_LANGUAGE_STANDARD = "gnu++0x";
				CLANG_CXX_LIBRARY = "libc++";
				CLANG_ENABLE_MODULES = YES;
				CLANG_ENABLE_OBJC_ARC = YES;
				CLANG_WARN_BOOL_CONVERSION = YES;
				CLANG_WARN_CONSTANT_CONVERSION = YES;
				CLANG_WARN_DIRECT_OBJC_ISA_USAGE = YES_ERROR;
				CLANG_WARN_EMPTY_BODY = YES;
				CLANG_WARN_ENUM_CONVERSION = YES;
				CLANG_WARN_INT_CONVERSION = YES;
				CLANG_WARN_OBJC_ROOT_CLASS = YES_ERROR;
				CLANG_WARN_UNREACHABLE_CODE = YES;
				CLANG_WARN__DUPLICATE_METHOD_MATCH = YES;
				CODE_SIGN_IDENTITY = "iPhone Developer: zheng xu (65B4655Q9Z)";
				"CODE_SIGN_IDENTITY[sdk=iphoneos*]" = "iPhone Developer: zheng xu (65B4655Q9Z)";
				COPY_PHASE_STRIP = NO;
				ENABLE_STRICT_OBJC_MSGSEND = YES;
				GCC_C_LANGUAGE_STANDARD = gnu99;
				GCC_DYNAMIC_NO_PIC = NO;
				GCC_OPTIMIZATION_LEVEL = 0;
				GCC_PREPROCESSOR_DEFINITIONS = (
					"DEBUG=1",
					"$(inherited)",
				);
				GCC_SYMBOLS_PRIVATE_EXTERN = NO;
				GCC_WARN_64_TO_32_BIT_CONVERSION = YES;
				GCC_WARN_ABOUT_RETURN_TYPE = YES_ERROR;
				GCC_WARN_UNDECLARED_SELECTOR = YES;
				GCC_WARN_UNINITIALIZED_AUTOS = YES_AGGRESSIVE;
				GCC_WARN_UNUSED_FUNCTION = YES;
				GCC_WARN_UNUSED_VARIABLE = YES;
				IPHONEOS_DEPLOYMENT_TARGET = 7.0;
				MTL_ENABLE_DEBUG_INFO = YES;
				ONLY_ACTIVE_ARCH = YES;
				SDKROOT = iphoneos;
			};
			name = Debug;
		};
		265C0EB919EA9D5200131C71 /* Release */ = {
			isa = XCBuildConfiguration;
			buildSettings = {
				ALWAYS_SEARCH_USER_PATHS = NO;
				CLANG_CXX_LANGUAGE_STANDARD = "gnu++0x";
				CLANG_CXX_LIBRARY = "libc++";
				CLANG_ENABLE_MODULES = YES;
				CLANG_ENABLE_OBJC_ARC = YES;
				CLANG_WARN_BOOL_CONVERSION = YES;
				CLANG_WARN_CONSTANT_CONVERSION = YES;
				CLANG_WARN_DIRECT_OBJC_ISA_USAGE = YES_ERROR;
				CLANG_WARN_EMPTY_BODY = YES;
				CLANG_WARN_ENUM_CONVERSION = YES;
				CLANG_WARN_INT_CONVERSION = YES;
				CLANG_WARN_OBJC_ROOT_CLASS = YES_ERROR;
				CLANG_WARN_UNREACHABLE_CODE = YES;
				CLANG_WARN__DUPLICATE_METHOD_MATCH = YES;
				CODE_SIGN_IDENTITY = "iPhone Developer: zheng xu (65B4655Q9Z)";
				"CODE_SIGN_IDENTITY[sdk=*]" = "iPhone Developer: zheng xu (65B4655Q9Z)";
				COPY_PHASE_STRIP = YES;
				ENABLE_NS_ASSERTIONS = NO;
				ENABLE_STRICT_OBJC_MSGSEND = YES;
				GCC_C_LANGUAGE_STANDARD = gnu99;
				GCC_WARN_64_TO_32_BIT_CONVERSION = YES;
				GCC_WARN_ABOUT_RETURN_TYPE = YES_ERROR;
				GCC_WARN_UNDECLARED_SELECTOR = YES;
				GCC_WARN_UNINITIALIZED_AUTOS = YES_AGGRESSIVE;
				GCC_WARN_UNUSED_FUNCTION = YES;
				GCC_WARN_UNUSED_VARIABLE = YES;
				IPHONEOS_DEPLOYMENT_TARGET = 7.0;
				MTL_ENABLE_DEBUG_INFO = NO;
				SDKROOT = iphoneos;
				VALIDATE_PRODUCT = YES;
			};
			name = Release;
		};
		265C0EBB19EA9D5200131C71 /* Debug */ = {
			isa = XCBuildConfiguration;
			baseConfigurationReference = 3CCA00C726750ADE709C361E /* Pods.debug.xcconfig */;
			buildSettings = {
				ASSETCATALOG_COMPILER_APPICON_NAME = AppIcon;
				ASSETCATALOG_COMPILER_LAUNCHIMAGE_NAME = LaunchImage;
				CODE_SIGN_IDENTITY = "";
				"CODE_SIGN_IDENTITY[sdk=iphoneos*]" = "iPhone Distribution: Qufenqi (Beijing) Information Technology Co., Ltd.";
				FRAMEWORK_SEARCH_PATHS = (
					"$(inherited)",
					"$(PROJECT_DIR)/QufenqiBD",
				);
				GCC_PREFIX_HEADER = QufenqiBD/PrefixHeader.pch;
				INFOPLIST_FILE = QufenqiBD/Info.plist;
				IPHONEOS_DEPLOYMENT_TARGET = 7.0;
				LD_RUNPATH_SEARCH_PATHS = "$(inherited) @executable_path/Frameworks";
				PRODUCT_NAME = "$(TARGET_NAME)";
				PROVISIONING_PROFILE = "9cb1d7b9-d4dc-4c86-92d0-e7ab713c21d0";
				TARGETED_DEVICE_FAMILY = 1;
			};
			name = Debug;
		};
		265C0EBC19EA9D5200131C71 /* Release */ = {
			isa = XCBuildConfiguration;
			baseConfigurationReference = 9F7997A860D637EFF58607B4 /* Pods.release.xcconfig */;
			buildSettings = {
				ASSETCATALOG_COMPILER_APPICON_NAME = AppIcon;
				ASSETCATALOG_COMPILER_LAUNCHIMAGE_NAME = LaunchImage;
				CODE_SIGN_IDENTITY = "iPhone Distribution";
				"CODE_SIGN_IDENTITY[sdk=*]" = "iPhone Distribution: Qufenqi (Beijing) Information Technology Co., Ltd.";
				"CODE_SIGN_IDENTITY[sdk=iphoneos*]" = "iPhone Distribution: Qufenqi (Beijing) Information Technology Co., Ltd.";
				FRAMEWORK_SEARCH_PATHS = (
					"$(inherited)",
					"$(PROJECT_DIR)/QufenqiBD",
				);
				GCC_PREFIX_HEADER = QufenqiBD/PrefixHeader.pch;
				INFOPLIST_FILE = QufenqiBD/Info.plist;
				IPHONEOS_DEPLOYMENT_TARGET = 7.0;
				LD_RUNPATH_SEARCH_PATHS = "$(inherited) @executable_path/Frameworks";
				PRODUCT_NAME = "$(TARGET_NAME)";
				PROVISIONING_PROFILE = "9cb1d7b9-d4dc-4c86-92d0-e7ab713c21d0";
				TARGETED_DEVICE_FAMILY = 1;
			};
			name = Release;
		};
		265C0EBE19EA9D5200131C71 /* Debug */ = {
			isa = XCBuildConfiguration;
			buildSettings = {
				BUNDLE_LOADER = "$(TEST_HOST)";
				FRAMEWORK_SEARCH_PATHS = (
					"$(SDKROOT)/Developer/Library/Frameworks",
					"$(inherited)",
				);
				GCC_PREPROCESSOR_DEFINITIONS = (
					"DEBUG=1",
					"$(inherited)",
				);
				INFOPLIST_FILE = QufenqiBDTests/Info.plist;
				LD_RUNPATH_SEARCH_PATHS = "$(inherited) @executable_path/Frameworks @loader_path/Frameworks";
				PRODUCT_NAME = "$(TARGET_NAME)";
				TEST_HOST = "$(BUILT_PRODUCTS_DIR)/QufenqiBD.app/QufenqiBD";
			};
			name = Debug;
		};
		265C0EBF19EA9D5200131C71 /* Release */ = {
			isa = XCBuildConfiguration;
			buildSettings = {
				BUNDLE_LOADER = "$(TEST_HOST)";
				FRAMEWORK_SEARCH_PATHS = (
					"$(SDKROOT)/Developer/Library/Frameworks",
					"$(inherited)",
				);
				INFOPLIST_FILE = QufenqiBDTests/Info.plist;
				LD_RUNPATH_SEARCH_PATHS = "$(inherited) @executable_path/Frameworks @loader_path/Frameworks";
				PRODUCT_NAME = "$(TARGET_NAME)";
				TEST_HOST = "$(BUILT_PRODUCTS_DIR)/QufenqiBD.app/QufenqiBD";
			};
			name = Release;
		};
/* End XCBuildConfiguration section */

/* Begin XCConfigurationList section */
		265C0E8F19EA9D5200131C71 /* Build configuration list for PBXProject "QufenqiBD" */ = {
			isa = XCConfigurationList;
			buildConfigurations = (
				265C0EB819EA9D5200131C71 /* Debug */,
				265C0EB919EA9D5200131C71 /* Release */,
			);
			defaultConfigurationIsVisible = 0;
			defaultConfigurationName = Release;
		};
		265C0EBA19EA9D5200131C71 /* Build configuration list for PBXNativeTarget "QufenqiBD" */ = {
			isa = XCConfigurationList;
			buildConfigurations = (
				265C0EBB19EA9D5200131C71 /* Debug */,
				265C0EBC19EA9D5200131C71 /* Release */,
			);
			defaultConfigurationIsVisible = 0;
			defaultConfigurationName = Release;
		};
		265C0EBD19EA9D5200131C71 /* Build configuration list for PBXNativeTarget "QufenqiBDTests" */ = {
			isa = XCConfigurationList;
			buildConfigurations = (
				265C0EBE19EA9D5200131C71 /* Debug */,
				265C0EBF19EA9D5200131C71 /* Release */,
			);
			defaultConfigurationIsVisible = 0;
			defaultConfigurationName = Release;
		};
/* End XCConfigurationList section */

/* Begin XCVersionGroup section */
		265C0E9E19EA9D5200131C71 /* QufenqiBD.xcdatamodeld */ = {
			isa = XCVersionGroup;
			children = (
				265C0E9F19EA9D5200131C71 /* QufenqiBD.xcdatamodel */,
			);
			currentVersion = 265C0E9F19EA9D5200131C71 /* QufenqiBD.xcdatamodel */;
			path = QufenqiBD.xcdatamodeld;
			sourceTree = "<group>";
			versionGroupType = wrapper.xcdatamodel;
		};
/* End XCVersionGroup section */
	};
	rootObject = 265C0E8C19EA9D5200131C71 /* Project object */;
}
